
Microsoft Visual Studio Solution File, Format Version 12.00
# Visual Studio 14
VisualStudioVersion = 14.0.25420.1
MinimumVisualStudioVersion = 10.0.40219.1
Project("{FAE04EC0-301F-11D3-BF4B-00C04F79EFBC}") = "Servis", "Servis\Servis.csproj", "{3C2BA9BC-7558-4164-87C0-474188719CF0}"
EndProject
Project("{FAE04EC0-301F-11D3-BF4B-00C04F79EFBC}") = "Servis.Tests", "Servis.Tests\Servis.Tests.csproj", "{02D49830-1FF8-4BE9-B2CE-32F900E0E11B}"
EndProject
Global
	GlobalSection(SolutionConfigurationPlatforms) = preSolution
		Debug|Any CPU = Debug|Any CPU
		Release|Any CPU = Release|Any CPU
	EndGlobalSection
	GlobalSection(ProjectConfigurationPlatforms) = postSolution
		{3C2BA9BC-7558-4164-87C0-474188719CF0}.Debug|Any CPU.ActiveCfg = Debug|Any CPU
		{3C2BA9BC-7558-4164-87C0-474188719CF0}.Debug|Any CPU.Build.0 = Debug|Any CPU
		{3C2BA9BC-7558-4164-87C0-474188719CF0}.Release|Any CPU.ActiveCfg = Release|Any CPU
		{3C2BA9BC-7558-4164-87C0-474188719CF0}.Release|Any CPU.Build.0 = Release|Any CPU
		{02D49830-1FF8-4BE9-B2CE-32F900E0E11B}.Debug|Any CPU.ActiveCfg = Debug|Any CPU
		{02D49830-1FF8-4BE9-B2CE-32F900E0E11B}.Debug|Any CPU.Build.0 = Debug|Any CPU
		{02D49830-1FF8-4BE9-B2CE-32F900E0E11B}.Release|Any CPU.ActiveCfg = Release|Any CPU
		{02D49830-1FF8-4BE9-B2CE-32F900E0E11B}.Release|Any CPU.Build.0 = Release|Any CPU
	EndGlobalSection
	GlobalSection(SolutionProperties) = preSolution
		HideSolutionNode = FALSE
	EndGlobalSection
EndGlobal
